// !$*UTF8*$!
{
	archiveVersion = 1;
	classes = {
	};
	objectVersion = 50;
	objects = {

/* Begin PBXBuildFile section */
		B09E9C682224B041002DF08E /* FoodPreferencesViewController.swift in Sources */ = {isa = PBXBuildFile; fileRef = B09E9C672224B041002DF08E /* FoodPreferencesViewController.swift */; };
		B0B434E92221061C00F73F38 /* AppDelegate.swift in Sources */ = {isa = PBXBuildFile; fileRef = B0B434E82221061C00F73F38 /* AppDelegate.swift */; };
		B0B434EB2221061C00F73F38 /* DietParametersViewController.swift in Sources */ = {isa = PBXBuildFile; fileRef = B0B434EA2221061C00F73F38 /* DietParametersViewController.swift */; };
		B0B434EE2221061C00F73F38 /* Main.storyboard in Resources */ = {isa = PBXBuildFile; fileRef = B0B434EC2221061C00F73F38 /* Main.storyboard */; };
		B0B434F02221061D00F73F38 /* Assets.xcassets in Resources */ = {isa = PBXBuildFile; fileRef = B0B434EF2221061D00F73F38 /* Assets.xcassets */; };
		B0B434F32221061D00F73F38 /* LaunchScreen.storyboard in Resources */ = {isa = PBXBuildFile; fileRef = B0B434F12221061D00F73F38 /* LaunchScreen.storyboard */; };
		B0B434FB2221086C00F73F38 /* README.md in Resources */ = {isa = PBXBuildFile; fileRef = B0B434FA2221086C00F73F38 /* README.md */; };
		B0B434FE2221090300F73F38 /* .gitignore in Resources */ = {isa = PBXBuildFile; fileRef = B0B434FD2221090300F73F38 /* .gitignore */; };
		B0E9CCAB2221CB3F00E75622 /* logo.png in Resources */ = {isa = PBXBuildFile; fileRef = B0E9CCAA2221CB3F00E75622 /* logo.png */; };
/* End PBXBuildFile section */

/* Begin PBXFileReference section */
		B09E9C672224B041002DF08E /* FoodPreferencesViewController.swift */ = {isa = PBXFileReference; lastKnownFileType = sourcecode.swift; path = FoodPreferencesViewController.swift; sourceTree = "<group>"; };
		B0B434E52221061C00F73F38 /* PealZ.app */ = {isa = PBXFileReference; explicitFileType = wrapper.application; includeInIndex = 0; path = PealZ.app; sourceTree = BUILT_PRODUCTS_DIR; };
		B0B434E82221061C00F73F38 /* AppDelegate.swift */ = {isa = PBXFileReference; lastKnownFileType = sourcecode.swift; path = AppDelegate.swift; sourceTree = "<group>"; };
		B0B434EA2221061C00F73F38 /* DietParametersViewController.swift */ = {isa = PBXFileReference; lastKnownFileType = sourcecode.swift; path = DietParametersViewController.swift; sourceTree = "<group>"; };
		B0B434ED2221061C00F73F38 /* Base */ = {isa = PBXFileReference; lastKnownFileType = file.storyboard; name = Base; path = Base.lproj/Main.storyboard; sourceTree = "<group>"; };
		B0B434EF2221061D00F73F38 /* Assets.xcassets */ = {isa = PBXFileReference; lastKnownFileType = folder.assetcatalog; path = Assets.xcassets; sourceTree = "<group>"; };
		B0B434F22221061D00F73F38 /* Base */ = {isa = PBXFileReference; lastKnownFileType = file.storyboard; name = Base; path = Base.lproj/LaunchScreen.storyboard; sourceTree = "<group>"; };
		B0B434F42221061D00F73F38 /* Info.plist */ = {isa = PBXFileReference; lastKnownFileType = text.plist.xml; path = Info.plist; sourceTree = "<group>"; };
		B0B434FA2221086C00F73F38 /* README.md */ = {isa = PBXFileReference; fileEncoding = 4; lastKnownFileType = net.daringfireball.markdown; path = README.md; sourceTree = "<group>"; };
		B0B434FD2221090300F73F38 /* .gitignore */ = {isa = PBXFileReference; fileEncoding = 4; lastKnownFileType = text; path = .gitignore; sourceTree = "<group>"; };
		B0E9CCA72221CAD900E75622 /* icon.psd */ = {isa = PBXFileReference; lastKnownFileType = file; path = icon.psd; sourceTree = "<group>"; };
		B0E9CCAA2221CB3F00E75622 /* logo.png */ = {isa = PBXFileReference; lastKnownFileType = image.png; path = logo.png; sourceTree = "<group>"; };
/* End PBXFileReference section */

/* Begin PBXFrameworksBuildPhase section */
		B0B434E22221061B00F73F38 /* Frameworks */ = {
			isa = PBXFrameworksBuildPhase;
			buildActionMask = 2147483647;
			files = (
			);
			runOnlyForDeploymentPostprocessing = 0;
		};
/* End PBXFrameworksBuildPhase section */

/* Begin PBXGroup section */
		B09E9C662224B01D002DF08E /* View Controllers */ = {
			isa = PBXGroup;
			children = (
				B0B434EA2221061C00F73F38 /* DietParametersViewController.swift */,
				B09E9C672224B041002DF08E /* FoodPreferencesViewController.swift */,
			);
			path = "View Controllers";
			sourceTree = "<group>";
		};
		B0B434DC2221061B00F73F38 = {
			isa = PBXGroup;
			children = (
				B0B434FA2221086C00F73F38 /* README.md */,
				B0B434E72221061C00F73F38 /* PealZ */,
				B0B434E62221061C00F73F38 /* Products */,
			);
			sourceTree = "<group>";
		};
		B0B434E62221061C00F73F38 /* Products */ = {
			isa = PBXGroup;
			children = (
				B0B434E52221061C00F73F38 /* PealZ.app */,
			);
			name = Products;
			sourceTree = "<group>";
		};
		B0B434E72221061C00F73F38 /* PealZ */ = {
			isa = PBXGroup;
			children = (
				B09E9C662224B01D002DF08E /* View Controllers */,
				B0E9CCA82221CB1700E75622 /* Assets */,
				B0B434FC222108EB00F73F38 /* devOnly */,
				B0B434E82221061C00F73F38 /* AppDelegate.swift */,
				B0B434EC2221061C00F73F38 /* Main.storyboard */,
				B0B434F12221061D00F73F38 /* LaunchScreen.storyboard */,
				B0B434F42221061D00F73F38 /* Info.plist */,
				B0B434FD2221090300F73F38 /* .gitignore */,
			);
			path = PealZ;
			sourceTree = "<group>";
		};
		B0B434FC222108EB00F73F38 /* devOnly */ = {
			isa = PBXGroup;
			children = (
				B0E9CCA72221CAD900E75622 /* icon.psd */,
			);
			path = devOnly;
			sourceTree = "<group>";
		};
		B0E9CCA82221CB1700E75622 /* Assets */ = {
			isa = PBXGroup;
			children = (
				B0E9CCA92221CB3000E75622 /* Images */,
				B0B434EF2221061D00F73F38 /* Assets.xcassets */,
			);
			path = Assets;
			sourceTree = "<group>";
		};
		B0E9CCA92221CB3000E75622 /* Images */ = {
			isa = PBXGroup;
			children = (
				B0E9CCAA2221CB3F00E75622 /* logo.png */,
			);
			path = Images;
			sourceTree = "<group>";
		};
/* End PBXGroup section */

/* Begin PBXNativeTarget section */
		B0B434E42221061B00F73F38 /* PealZ */ = {
			isa = PBXNativeTarget;
			buildConfigurationList = B0B434F72221061D00F73F38 /* Build configuration list for PBXNativeTarget "PealZ" */;
			buildPhases = (
				B0B434E12221061B00F73F38 /* Sources */,
				B0B434E22221061B00F73F38 /* Frameworks */,
				B0B434E32221061B00F73F38 /* Resources */,
			);
			buildRules = (
			);
			dependencies = (
			);
			name = PealZ;
			productName = PealZ;
			productReference = B0B434E52221061C00F73F38 /* PealZ.app */;
			productType = "com.apple.product-type.application";
		};
/* End PBXNativeTarget section */

/* Begin PBXProject section */
		B0B434DD2221061B00F73F38 /* Project object */ = {
			isa = PBXProject;
			attributes = {
				LastSwiftUpdateCheck = 1010;
				LastUpgradeCheck = 1010;
				ORGANIZATIONNAME = "Dylan Rothfeld";
				TargetAttributes = {
					B0B434E42221061B00F73F38 = {
						CreatedOnToolsVersion = 10.1;
					};
				};
			};
			buildConfigurationList = B0B434E02221061B00F73F38 /* Build configuration list for PBXProject "PealZ" */;
			compatibilityVersion = "Xcode 9.3";
			developmentRegion = en;
			hasScannedForEncodings = 0;
			knownRegions = (
				en,
				Base,
			);
			mainGroup = B0B434DC2221061B00F73F38;
			productRefGroup = B0B434E62221061C00F73F38 /* Products */;
			projectDirPath = "";
			projectRoot = "";
			targets = (
				B0B434E42221061B00F73F38 /* PealZ */,
			);
		};
/* End PBXProject section */

/* Begin PBXResourcesBuildPhase section */
		B0B434E32221061B00F73F38 /* Resources */ = {
			isa = PBXResourcesBuildPhase;
			buildActionMask = 2147483647;
			files = (
				B0B434FE2221090300F73F38 /* .gitignore in Resources */,
				B0B434F32221061D00F73F38 /* LaunchScreen.storyboard in Resources */,
				B0E9CCAB2221CB3F00E75622 /* logo.png in Resources */,
				B0B434F02221061D00F73F38 /* Assets.xcassets in Resources */,
				B0B434FB2221086C00F73F38 /* README.md in Resources */,
				B0B434EE2221061C00F73F38 /* Main.storyboard in Resources */,
			);
			runOnlyForDeploymentPostprocessing = 0;
		};
/* End PBXResourcesBuildPhase section */

/* Begin PBXSourcesBuildPhase section */
		B0B434E12221061B00F73F38 /* Sources */ = {
			isa = PBXSourcesBuildPhase;
			buildActionMask = 2147483647;
			files = (
				B0B434EB2221061C00F73F38 /* DietParametersViewController.swift in Sources */,
				B09E9C682224B041002DF08E /* FoodPreferencesViewController.swift in Sources */,
				B0B434E92221061C00F73F38 /* AppDelegate.swift in Sources */,
			);
			runOnlyForDeploymentPostprocessing = 0;
		};
/* End PBXSourcesBuildPhase section */

/* Begin PBXVariantGroup section */
		B0B434EC2221061C00F73F38 /* Main.storyboard */ = {
			isa = PBXVariantGroup;
			children = (
				B0B434ED2221061C00F73F38 /* Base */,
			);
			name = Main.storyboard;
			sourceTree = "<group>";
		};
		B0B434F12221061D00F73F38 /* LaunchScreen.storyboard */ = {
			isa = PBXVariantGroup;
			children = (
				B0B434F22221061D00F73F38 /* Base */,
			);
			name = LaunchScreen.storyboard;
			sourceTree = "<group>";
		};
/* End PBXVariantGroup section */

/* Begin XCBuildConfiguration section */
		B0B434F52221061D00F73F38 /* Debug */ = {
			isa = XCBuildConfiguration;
			buildSettings = {
				ALWAYS_SEARCH_USER_PATHS = NO;
				CLANG_ANALYZER_NONNULL = YES;
				CLANG_ANALYZER_NUMBER_OBJECT_CONVERSION = YES_AGGRESSIVE;
				CLANG_CXX_LANGUAGE_STANDARD = "gnu++14";
				CLANG_CXX_LIBRARY = "libc++";
				CLANG_ENABLE_MODULES = YES;
				CLANG_ENABLE_OBJC_ARC = YES;
				CLANG_ENABLE_OBJC_WEAK = YES;
				CLANG_WARN_BLOCK_CAPTURE_AUTORELEASING = YES;
				CLANG_WARN_BOOL_CONVERSION = YES;
				CLANG_WARN_COMMA = YES;
				CLANG_WARN_CONSTANT_CONVERSION = YES;
				CLANG_WARN_DEPRECATED_OBJC_IMPLEMENTATIONS = YES;
				CLANG_WARN_DIRECT_OBJC_ISA_USAGE = YES_ERROR;
				CLANG_WARN_DOCUMENTATION_COMMENTS = YES;
				CLANG_WARN_EMPTY_BODY = YES;
				CLANG_WARN_ENUM_CONVERSION = YES;
				CLANG_WARN_INFINITE_RECURSION = YES;
				CLANG_WARN_INT_CONVERSION = YES;
				CLANG_WARN_NON_LITERAL_NULL_CONVERSION = YES;
				CLANG_WARN_OBJC_IMPLICIT_RETAIN_SELF = YES;
				CLANG_WARN_OBJC_LITERAL_CONVERSION = YES;
				CLANG_WARN_OBJC_ROOT_CLASS = YES_ERROR;
				CLANG_WARN_RANGE_LOOP_ANALYSIS = YES;
				CLANG_WARN_STRICT_PROTOTYPES = YES;
				CLANG_WARN_SUSPICIOUS_MOVE = YES;
				CLANG_WARN_UNGUARDED_AVAILABILITY = YES_AGGRESSIVE;
				CLANG_WARN_UNREACHABLE_CODE = YES;
				CLANG_WARN__DUPLICATE_METHOD_MATCH = YES;
				CODE_SIGN_IDENTITY = "iPhone Developer";
				COPY_PHASE_STRIP = NO;
				DEBUG_INFORMATION_FORMAT = dwarf;
				ENABLE_STRICT_OBJC_MSGSEND = YES;
				ENABLE_TESTABILITY = YES;
				GCC_C_LANGUAGE_STANDARD = gnu11;
				GCC_DYNAMIC_NO_PIC = NO;
				GCC_NO_COMMON_BLOCKS = YES;
				GCC_OPTIMIZATION_LEVEL = 0;
				GCC_PREPROCESSOR_DEFINITIONS = (
					"DEBUG=1",
					"$(inherited)",
				);
				GCC_WARN_64_TO_32_BIT_CONVERSION = YES;
				GCC_WARN_ABOUT_RETURN_TYPE = YES_ERROR;
				GCC_WARN_UNDECLARED_SELECTOR = YES;
				GCC_WARN_UNINITIALIZED_AUTOS = YES_AGGRESSIVE;
				GCC_WARN_UNUSED_FUNCTION = YES;
				GCC_WARN_UNUSED_VARIABLE = YES;
				IPHONEOS_DEPLOYMENT_TARGET = 12.1;
				MTL_ENABLE_DEBUG_INFO = INCLUDE_SOURCE;
				MTL_FAST_MATH = YES;
				ONLY_ACTIVE_ARCH = YES;
				SDKROOT = iphoneos;
				SWIFT_ACTIVE_COMPILATION_CONDITIONS = DEBUG;
				SWIFT_OPTIMIZATION_LEVEL = "-Onone";
			};
			name = Debug;
		};
		B0B434F62221061D00F73F38 /* Release */ = {
			isa = XCBuildConfiguration;
			buildSettings = {
				ALWAYS_SEARCH_USER_PATHS = NO;
				CLANG_ANALYZER_NONNULL = YES;
				CLANG_ANALYZER_NUMBER_OBJECT_CONVERSION = YES_AGGRESSIVE;
				CLANG_CXX_LANGUAGE_STANDARD = "gnu++14";
				CLANG_CXX_LIBRARY = "libc++";
				CLANG_ENABLE_MODULES = YES;
				CLANG_ENABLE_OBJC_ARC = YES;
				CLANG_ENABLE_OBJC_WEAK = YES;
				CLANG_WARN_BLOCK_CAPTURE_AUTORELEASING = YES;
				CLANG_WARN_BOOL_CONVERSION = YES;
				CLANG_WARN_COMMA = YES;
				CLANG_WARN_CONSTANT_CONVERSION = YES;
				CLANG_WARN_DEPRECATED_OBJC_IMPLEMENTATIONS = YES;
				CLANG_WARN_DIRECT_OBJC_ISA_USAGE = YES_ERROR;
				CLANG_WARN_DOCUMENTATION_COMMENTS = YES;
				CLANG_WARN_EMPTY_BODY = YES;
				CLANG_WARN_ENUM_CONVERSION = YES;
				CLANG_WARN_INFINITE_RECURSION = YES;
				CLANG_WARN_INT_CONVERSION = YES;
				CLANG_WARN_NON_LITERAL_NULL_CONVERSION = YES;
				CLANG_WARN_OBJC_IMPLICIT_RETAIN_SELF = YES;
				CLANG_WARN_OBJC_LITERAL_CONVERSION = YES;
				CLANG_WARN_OBJC_ROOT_CLASS = YES_ERROR;
				CLANG_WARN_RANGE_LOOP_ANALYSIS = YES;
				CLANG_WARN_STRICT_PROTOTYPES = YES;
				CLANG_WARN_SUSPICIOUS_MOVE = YES;
				CLANG_WARN_UNGUARDED_AVAILABILITY = YES_AGGRESSIVE;
				CLANG_WARN_UNREACHABLE_CODE = YES;
				CLANG_WARN__DUPLICATE_METHOD_MATCH = YES;
				CODE_SIGN_IDENTITY = "iPhone Developer";
				COPY_PHASE_STRIP = NO;
				DEBUG_INFORMATION_FORMAT = "dwarf-with-dsym";
				ENABLE_NS_ASSERTIONS = NO;
				ENABLE_STRICT_OBJC_MSGSEND = YES;
				GCC_C_LANGUAGE_STANDARD = gnu11;
				GCC_NO_COMMON_BLOCKS = YES;
				GCC_WARN_64_TO_32_BIT_CONVERSION = YES;
				GCC_WARN_ABOUT_RETURN_TYPE = YES_ERROR;
				GCC_WARN_UNDECLARED_SELECTOR = YES;
				GCC_WARN_UNINITIALIZED_AUTOS = YES_AGGRESSIVE;
				GCC_WARN_UNUSED_FUNCTION = YES;
				GCC_WARN_UNUSED_VARIABLE = YES;
				IPHONEOS_DEPLOYMENT_TARGET = 12.1;
				MTL_ENABLE_DEBUG_INFO = NO;
				MTL_FAST_MATH = YES;
				SDKROOT = iphoneos;
				SWIFT_COMPILATION_MODE = wholemodule;
				SWIFT_OPTIMIZATION_LEVEL = "-O";
				VALIDATE_PRODUCT = YES;
			};
			name = Release;
		};
		B0B434F82221061D00F73F38 /* Debug */ = {
			isa = XCBuildConfiguration;
			buildSettings = {
				ASSETCATALOG_COMPILER_APPICON_NAME = AppIcon;
				CODE_SIGN_STYLE = Automatic;
				DEVELOPMENT_TEAM = X984X22XTP;
				INFOPLIST_FILE = PealZ/Info.plist;
				LD_RUNPATH_SEARCH_PATHS = (
					"$(inherited)",
					"@executable_path/Frameworks",
				);
				PRODUCT_BUNDLE_IDENTIFIER = drothfeld.PealZ;
				PRODUCT_NAME = "$(TARGET_NAME)";
				SWIFT_VERSION = 4.2;
				TARGETED_DEVICE_FAMILY = "1,2";
			};
			name = Debug;
		};
		B0B434F92221061D00F73F38 /* Release */ = {
			isa = XCBuildConfiguration;
			buildSettings = {
				ASSETCATALOG_COMPILER_APPICON_NAME = AppIcon;
				CODE_SIGN_STYLE = Automatic;
				DEVELOPMENT_TEAM = X984X22XTP;
				INFOPLIST_FILE = PealZ/Info.plist;
				LD_RUNPATH_SEARCH_PATHS = (
					"$(inherited)",
					"@executable_path/Frameworks",
				);
				PRODUCT_BUNDLE_IDENTIFIER = drothfeld.PealZ;
				PRODUCT_NAME = "$(TARGET_NAME)";
				SWIFT_VERSION = 4.2;
				TARGETED_DEVICE_FAMILY = "1,2";
			};
			name = Release;
		};
/* End XCBuildConfiguration section */

/* Begin XCConfigurationList section */
		B0B434E02221061B00F73F38 /* Build configuration list for PBXProject "PealZ" */ = {
			isa = XCConfigurationList;
			buildConfigurations = (
				B0B434F52221061D00F73F38 /* Debug */,
				B0B434F62221061D00F73F38 /* Release */,
			);
			defaultConfigurationIsVisible = 0;
			defaultConfigurationName = Release;
		};
		B0B434F72221061D00F73F38 /* Build configuration list for PBXNativeTarget "PealZ" */ = {
			isa = XCConfigurationList;
			buildConfigurations = (
				B0B434F82221061D00F73F38 /* Debug */,
				B0B434F92221061D00F73F38 /* Release */,
			);
			defaultConfigurationIsVisible = 0;
			defaultConfigurationName = Release;
		};
/* End XCConfigurationList section */
	};
	rootObject = B0B434DD2221061B00F73F38 /* Project object */;
}
